
Microsoft Visual Studio Solution File, Format Version 12.00
# Visual Studio Version 17
VisualStudioVersion = 17.10.35013.160
MinimumVisualStudioVersion = 10.0.40219.1
Project("{FAE04EC0-301F-11D3-BF4B-00C04F79EFBC}") = "pract2", "pract2\pract2.csproj", "{82332728-6E60-4301-8381-BC308AA931CC}"
EndProject
Project("{2150E333-8FDC-42A3-9474-1A3956D46DE8}") = "Solution Items", "Solution Items", "{77452A88-86E4-406F-A3E3-888B495D7FB7}"
	ProjectSection(SolutionItems) = preProject
		.editorconfig = .editorconfig
	EndProjectSection
EndProject
Global
	GlobalSection(SolutionConfigurationPlatforms) = preSolution
		Debug|Any CPU = Debug|Any CPU
		Release|Any CPU = Release|Any CPU
	EndGlobalSection
	GlobalSection(ProjectConfigurationPlatforms) = postSolution
		{82332728-6E60-4301-8381-BC308AA931CC}.Debug|Any CPU.ActiveCfg = Debug|Any CPU
		{82332728-6E60-4301-8381-BC308AA931CC}.Debug|Any CPU.Build.0 = Debug|Any CPU
		{82332728-6E60-4301-8381-BC308AA931CC}.Release|Any CPU.ActiveCfg = Release|Any CPU
		{82332728-6E60-4301-8381-BC308AA931CC}.Release|Any CPU.Build.0 = Release|Any CPU
	EndGlobalSection
	GlobalSection(SolutionProperties) = preSolution
		HideSolutionNode = FALSE
	EndGlobalSection
	GlobalSection(ExtensibilityGlobals) = postSolution
		SolutionGuid = {781E12CC-BCF9-432B-BFDF-4FC72D6EFBBA}
	EndGlobalSection
EndGlobal
